// !$*UTF8*$!
{
	archiveVersion = 1;
	classes = {
	};
	objectVersion = 77;
	objects = {

/* Begin PBXBuildFile section */
		E19B6DA0303B27B800D633B8 /* ForgeWatch Watch App.app in Embed Watch Content */ = {isa = PBXBuildFile; fileRef = E19B6D80303B27B500D633B8 /* ForgeWatch Watch App.app */; settings = {ATTRIBUTES = (RemoveHeadersOnCopy, ); }; };
/* End PBXBuildFile section */

/* Begin PBXContainerItemProxy section */
		E19B6B9730265AD300D633B8 /* PBXContainerItemProxy */ = {
			isa = PBXContainerItemProxy;
			containerPortal = E19B6B7F30265AD100D633B8 /* Project object */;
			proxyType = 1;
			remoteGlobalIDString = E19B6B8630265AD100D633B8;
			remoteInfo = Forge;
		};
		E19B6BA130265AD300D633B8 /* PBXContainerItemProxy */ = {
			isa = PBXContainerItemProxy;
			containerPortal = E19B6B7F30265AD100D633B8 /* Project object */;
			proxyType = 1;
			remoteGlobalIDString = E19B6B8630265AD100D633B8;
			remoteInfo = Forge;
		};
		E19B6D8D303B27B800D633B8 /* PBXContainerItemProxy */ = {
			isa = PBXContainerItemProxy;
			containerPortal = E19B6B7F30265AD100D633B8 /* Project object */;
			proxyType = 1;
			remoteGlobalIDString = E19B6D7F303B27B400D633B8;
			remoteInfo = "ForgeWatch Watch App";
		};
		E19B6D97303B27B800D633B8 /* PBXContainerItemProxy */ = {
			isa = PBXContainerItemProxy;
			containerPortal = E19B6B7F30265AD100D633B8 /* Project object */;
			proxyType = 1;
			remoteGlobalIDString = E19B6D7F303B27B400D633B8;
			remoteInfo = "ForgeWatch Watch App";
		};
		E19B6D9E303B27B800D633B8 /* PBXContainerItemProxy */ = {
			isa = PBXContainerItemProxy;
			containerPortal = E19B6B7F30265AD100D633B8 /* Project object */;
			proxyType = 1;
			remoteGlobalIDString = E19B6D7F303B27B400D633B8;
			remoteInfo = "ForgeWatch Watch App";
		};
/* End PBXContainerItemProxy section */

/* Begin PBXCopyFilesBuildPhase section */
		E19B6DA1303B27B800D633B8 /* Embed Watch Content */ = {
			isa = PBXCopyFilesBuildPhase;
			buildActionMask = 2147483647;
			dstPath = "$(CONTENTS_FOLDER_PATH)/Watch";
			dstSubfolderSpec = 16;
			files = (
				E19B6DA0303B27B800D633B8 /* ForgeWatch Watch App.app in Embed Watch Content */,
			);
			name = "Embed Watch Content";
			runOnlyForDeploymentPostprocessing = 0;
		};
/* End PBXCopyFilesBuildPhase section */

/* Begin PBXFileReference section */
		E19B6B8730265AD100D633B8 /* Forge.app */ = {isa = PBXFileReference; explicitFileType = wrapper.application; includeInIndex = 0; path = Forge.app; sourceTree = BUILT_PRODUCTS_DIR; };
		E19B6B9630265AD300D633B8 /* ForgeTests.xctest */ = {isa = PBXFileReference; explicitFileType = wrapper.cfbundle; includeInIndex = 0; path = ForgeTests.xctest; sourceTree = BUILT_PRODUCTS_DIR; };
		E19B6BA030265AD300D633B8 /* ForgeUITests.xctest */ = {isa = PBXFileReference; explicitFileType = wrapper.cfbundle; includeInIndex = 0; path = ForgeUITests.xctest; sourceTree = BUILT_PRODUCTS_DIR; };
		E19B6D80303B27B500D633B8 /* ForgeWatch Watch App.app */ = {isa = PBXFileReference; explicitFileType = wrapper.application; includeInIndex = 0; path = "ForgeWatch Watch App.app"; sourceTree = BUILT_PRODUCTS_DIR; };
		E19B6D8C303B27B800D633B8 /* ForgeWatch Watch AppTests.xctest */ = {isa = PBXFileReference; explicitFileType = wrapper.cfbundle; includeInIndex = 0; path = "ForgeWatch Watch AppTests.xctest"; sourceTree = BUILT_PRODUCTS_DIR; };
		E19B6D96303B27B800D633B8 /* ForgeWatch Watch AppUITests.xctest */ = {isa = PBXFileReference; explicitFileType = wrapper.cfbundle; includeInIndex = 0; path = "ForgeWatch Watch AppUITests.xctest"; sourceTree = BUILT_PRODUCTS_DIR; };
/* End PBXFileReference section */

/* Begin PBXFileSystemSynchronizedBuildFileExceptionSet section */
		E19B6DB2303B2F2700D633B8 /* Exceptions for "Forge" folder in "ForgeWatch Watch App" target */ = {
			isa = PBXFileSystemSynchronizedBuildFileExceptionSet;
			membershipExceptions = (
				Core/Models/WatchSharedModels.swift,
			);
			target = E19B6D7F303B27B400D633B8 /* ForgeWatch Watch App */;
		};
/* End PBXFileSystemSynchronizedBuildFileExceptionSet section */

/* Begin PBXFileSystemSynchronizedRootGroup section */
		E19B6B8930265AD100D633B8 /* Forge */ = {
			isa = PBXFileSystemSynchronizedRootGroup;
			exceptions = (
				E19B6DB2303B2F2700D633B8 /* Exceptions for "Forge" folder in "ForgeWatch Watch App" target */,
			);
			path = Forge;
			sourceTree = "<group>";
		};
		E19B6B9930265AD300D633B8 /* ForgeTests */ = {
			isa = PBXFileSystemSynchronizedRootGroup;
			path = ForgeTests;
			sourceTree = "<group>";
		};
		E19B6BA330265AD300D633B8 /* ForgeUITests */ = {
			isa = PBXFileSystemSynchronizedRootGroup;
			path = ForgeUITests;
			sourceTree = "<group>";
		};
		E19B6D81303B27B500D633B8 /* ForgeWatch Watch App */ = {
			isa = PBXFileSystemSynchronizedRootGroup;
			path = "ForgeWatch Watch App";
			sourceTree = "<group>";
		};
		E19B6D8F303B27B800D633B8 /* ForgeWatch Watch AppTests */ = {
			isa = PBXFileSystemSynchronizedRootGroup;
			path = "ForgeWatch Watch AppTests";
			sourceTree = "<group>";
		};
		E19B6D99303B27B800D633B8 /* ForgeWatch Watch AppUITests */ = {
			isa = PBXFileSystemSynchronizedRootGroup;
			path = "ForgeWatch Watch AppUITests";
			sourceTree = "<group>";
		};
/* End PBXFileSystemSynchronizedRootGroup section */

/* Begin PBXFrameworksBuildPhase section */
		E19B6B8430265AD100D633B8 /* Frameworks */ = {
			isa = PBXFrameworksBuildPhase;
			buildActionMask = 2147483647;
			files = (
			);
			runOnlyForDeploymentPostprocessing = 0;
		};
		E19B6B9330265AD300D633B8 /* Frameworks */ = {
			isa = PBXFrameworksBuildPhase;
			buildActionMask = 2147483647;
			files = (
			);
			runOnlyForDeploymentPostprocessing = 0;
		};
		E19B6B9D30265AD300D633B8 /* Frameworks */ = {
			isa = PBXFrameworksBuildPhase;
			buildActionMask = 2147483647;
			files = (
			);
			runOnlyForDeploymentPostprocessing = 0;
		};
		E19B6D7D303B27B400D633B8 /* Frameworks */ = {
			isa = PBXFrameworksBuildPhase;
			buildActionMask = 2147483647;
			files = (
			);
			runOnlyForDeploymentPostprocessing = 0;
		};
		E19B6D89303B27B800D633B8 /* Frameworks */ = {
			isa = PBXFrameworksBuildPhase;
			buildActionMask = 2147483647;
			files = (
			);
			runOnlyForDeploymentPostprocessing = 0;
		};
		E19B6D93303B27B800D633B8 /* Frameworks */ = {
			isa = PBXFrameworksBuildPhase;
			buildActionMask = 2147483647;
			files = (
			);
			runOnlyForDeploymentPostprocessing = 0;
		};
/* End PBXFrameworksBuildPhase section */

/* Begin PBXGroup section */
		E19B6B7E30265AD100D633B8 = {
			isa = PBXGroup;
			children = (
				E19B6B8930265AD100D633B8 /* Forge */,
				E19B6B9930265AD300D633B8 /* ForgeTests */,
				E19B6BA330265AD300D633B8 /* ForgeUITests */,
				E19B6D81303B27B500D633B8 /* ForgeWatch Watch App */,
				E19B6D8F303B27B800D633B8 /* ForgeWatch Watch AppTests */,
				E19B6D99303B27B800D633B8 /* ForgeWatch Watch AppUITests */,
				E19B6B8830265AD100D633B8 /* Products */,
			);
			sourceTree = "<group>";
		};
		E19B6B8830265AD100D633B8 /* Products */ = {
			isa = PBXGroup;
			children = (
				E19B6B8730265AD100D633B8 /* Forge.app */,
				E19B6B9630265AD300D633B8 /* ForgeTests.xctest */,
				E19B6BA030265AD300D633B8 /* ForgeUITests.xctest */,
				E19B6D80303B27B500D633B8 /* ForgeWatch Watch App.app */,
				E19B6D8C303B27B800D633B8 /* ForgeWatch Watch AppTests.xctest */,
				E19B6D96303B27B800D633B8 /* ForgeWatch Watch AppUITests.xctest */,
			);
			name = Products;
			sourceTree = "<group>";
		};
/* End PBXGroup section */

/* Begin PBXNativeTarget section */
		E19B6B8630265AD100D633B8 /* Forge */ = {
			isa = PBXNativeTarget;
			buildConfigurationList = E19B6BAA30265AD300D633B8 /* Build configuration list for PBXNativeTarget "Forge" */;
			buildPhases = (
				E19B6B8330265AD100D633B8 /* Sources */,
				E19B6B8430265AD100D633B8 /* Frameworks */,
				E19B6B8530265AD100D633B8 /* Resources */,
				E19B6DA1303B27B800D633B8 /* Embed Watch Content */,
			);
			buildRules = (
			);
			dependencies = (
				E19B6D9F303B27B800D633B8 /* PBXTargetDependency */,
			);
			fileSystemSynchronizedGroups = (
				E19B6B8930265AD100D633B8 /* Forge */,
			);
			name = Forge;
			packageProductDependencies = (
			);
			productName = Forge;
			productReference = E19B6B8730265AD100D633B8 /* Forge.app */;
			productType = "com.apple.product-type.application";
		};
		E19B6B9530265AD300D633B8 /* ForgeTests */ = {
			isa = PBXNativeTarget;
			buildConfigurationList = E19B6BAD30265AD300D633B8 /* Build configuration list for PBXNativeTarget "ForgeTests" */;
			buildPhases = (
				E19B6B9230265AD300D633B8 /* Sources */,
				E19B6B9330265AD300D633B8 /* Frameworks */,
				E19B6B9430265AD300D633B8 /* Resources */,
			);
			buildRules = (
			);
			dependencies = (
				E19B6B9830265AD300D633B8 /* PBXTargetDependency */,
			);
			fileSystemSynchronizedGroups = (
				E19B6B9930265AD300D633B8 /* ForgeTests */,
			);
			name = ForgeTests;
			packageProductDependencies = (
			);
			productName = ForgeTests;
			productReference = E19B6B9630265AD300D633B8 /* ForgeTests.xctest */;
			productType = "com.apple.product-type.bundle.unit-test";
		};
		E19B6B9F30265AD300D633B8 /* ForgeUITests */ = {
			isa = PBXNativeTarget;
			buildConfigurationList = E19B6BB030265AD300D633B8 /* Build configuration list for PBXNativeTarget "ForgeUITests" */;
			buildPhases = (
				E19B6B9C30265AD300D633B8 /* Sources */,
				E19B6B9D30265AD300D633B8 /* Frameworks */,
				E19B6B9E30265AD300D633B8 /* Resources */,
			);
			buildRules = (
			);
			dependencies = (
				E19B6BA230265AD300D633B8 /* PBXTargetDependency */,
			);
			fileSystemSynchronizedGroups = (
				E19B6BA330265AD300D633B8 /* ForgeUITests */,
			);
			name = ForgeUITests;
			packageProductDependencies = (
			);
			productName = ForgeUITests;
			productReference = E19B6BA030265AD300D633B8 /* ForgeUITests.xctest */;
			productType = "com.apple.product-type.bundle.ui-testing";
		};
		E19B6D7F303B27B400D633B8 /* ForgeWatch Watch App */ = {
			isa = PBXNativeTarget;
			buildConfigurationList = E19B6DA8303B27B800D633B8 /* Build configuration list for PBXNativeTarget "ForgeWatch Watch App" */;
			buildPhases = (
				E19B6D7C303B27B400D633B8 /* Sources */,
				E19B6D7D303B27B400D633B8 /* Frameworks */,
				E19B6D7E303B27B400D633B8 /* Resources */,
			);
			buildRules = (
			);
			dependencies = (
			);
			fileSystemSynchronizedGroups = (
				E19B6D81303B27B500D633B8 /* ForgeWatch Watch App */,
			);
			name = "ForgeWatch Watch App";
			packageProductDependencies = (
			);
			productName = "ForgeWatch Watch App";
			productReference = E19B6D80303B27B500D633B8 /* ForgeWatch Watch App.app */;
			productType = "com.apple.product-type.application";
		};
		E19B6D8B303B27B800D633B8 /* ForgeWatch Watch AppTests */ = {
			isa = PBXNativeTarget;
			buildConfigurationList = E19B6DA9303B27B800D633B8 /* Build configuration list for PBXNativeTarget "ForgeWatch Watch AppTests" */;
			buildPhases = (
				E19B6D88303B27B800D633B8 /* Sources */,
				E19B6D89303B27B800D633B8 /* Frameworks */,
				E19B6D8A303B27B800D633B8 /* Resources */,
			);
			buildRules = (
			);
			dependencies = (
				E19B6D8E303B27B800D633B8 /* PBXTargetDependency */,
			);
			fileSystemSynchronizedGroups = (
				E19B6D8F303B27B800D633B8 /* ForgeWatch Watch AppTests */,
			);
			name = "ForgeWatch Watch AppTests";
			packageProductDependencies = (
			);
			productName = "ForgeWatch Watch AppTests";
			productReference = E19B6D8C303B27B800D633B8 /* ForgeWatch Watch AppTests.xctest */;
			productType = "com.apple.product-type.bundle.unit-test";
		};
		E19B6D95303B27B800D633B8 /* ForgeWatch Watch AppUITests */ = {
			isa = PBXNativeTarget;
			buildConfigurationList = E19B6DAA303B27B800D633B8 /* Build configuration list for PBXNativeTarget "ForgeWatch Watch AppUITests" */;
			buildPhases = (
				E19B6D92303B27B800D633B8 /* Sources */,
				E19B6D93303B27B800D633B8 /* Frameworks */,
				E19B6D94303B27B800D633B8 /* Resources */,
			);
			buildRules = (
			);
			dependencies = (
				E19B6D98303B27B800D633B8 /* PBXTargetDependency */,
			);
			fileSystemSynchronizedGroups = (
				E19B6D99303B27B800D633B8 /* ForgeWatch Watch AppUITests */,
			);
			name = "ForgeWatch Watch AppUITests";
			packageProductDependencies = (
			);
			productName = "ForgeWatch Watch AppUITests";
			productReference = E19B6D96303B27B800D633B8 /* ForgeWatch Watch AppUITests.xctest */;
			productType = "com.apple.product-type.bundle.ui-testing";
		};
/* End PBXNativeTarget section */

/* Begin PBXProject section */
		E19B6B7F30265AD100D633B8 /* Project object */ = {
			isa = PBXProject;
			attributes = {
				BuildIndependentTargetsInParallel = 1;
				LastSwiftUpdateCheck = 2660;
				LastUpgradeCheck = 2660;
				TargetAttributes = {
					E19B6B8630265AD100D633B8 = {
						CreatedOnToolsVersion = 26.6;
					};
					E19B6B9530265AD300D633B8 = {
						CreatedOnToolsVersion = 26.6;
						TestTargetID = E19B6B8630265AD100D633B8;
					};
					E19B6B9F30265AD300D633B8 = {
						CreatedOnToolsVersion = 26.6;
						TestTargetID = E19B6B8630265AD100D633B8;
					};
					E19B6D7F303B27B400D633B8 = {
						CreatedOnToolsVersion = 26.6;
					};
					E19B6D8B303B27B800D633B8 = {
						CreatedOnToolsVersion = 26.6;
						TestTargetID = E19B6D7F303B27B400D633B8;
					};
					E19B6D95303B27B800D633B8 = {
						CreatedOnToolsVersion = 26.6;
						TestTargetID = E19B6D7F303B27B400D633B8;
					};
				};
			};
			buildConfigurationList = E19B6B8230265AD100D633B8 /* Build configuration list for PBXProject "Forge" */;
			developmentRegion = en;
			hasScannedForEncodings = 0;
			knownRegions = (
				en,
				Base,
			);
			mainGroup = E19B6B7E30265AD100D633B8;
			minimizedProjectReferenceProxies = 1;
			preferredProjectObjectVersion = 77;
			productRefGroup = E19B6B8830265AD100D633B8 /* Products */;
			projectDirPath = "";
			projectRoot = "";
			targets = (
				E19B6B8630265AD100D633B8 /* Forge */,
				E19B6B9530265AD300D633B8 /* ForgeTests */,
				E19B6B9F30265AD300D633B8 /* ForgeUITests */,
				E19B6D7F303B27B400D633B8 /* ForgeWatch Watch App */,
				E19B6D8B303B27B800D633B8 /* ForgeWatch Watch AppTests */,
				E19B6D95303B27B800D633B8 /* ForgeWatch Watch AppUITests */,
			);
		};
/* End PBXProject section */

/* Begin PBXResourcesBuildPhase section */
		E19B6B8530265AD100D633B8 /* Resources */ = {
			isa = PBXResourcesBuildPhase;
			buildActionMask = 2147483647;
			files = (
			);
			runOnlyForDeploymentPostprocessing = 0;
		};
		E19B6B9430265AD300D633B8 /* Resources */ = {
			isa = PBXResourcesBuildPhase;
			buildActionMask = 2147483647;
			files = (
			);
			runOnlyForDeploymentPostprocessing = 0;
		};
		E19B6B9E30265AD300D633B8 /* Resources */ = {
			isa = PBXResourcesBuildPhase;
			buildActionMask = 2147483647;
			files = (
			);
			runOnlyForDeploymentPostprocessing = 0;
		};
		E19B6D7E303B27B400D633B8 /* Resources */ = {
			isa = PBXResourcesBuildPhase;
			buildActionMask = 2147483647;
			files = (
			);
			runOnlyForDeploymentPostprocessing = 0;
		};
		E19B6D8A303B27B800D633B8 /* Resources */ = {
			isa = PBXResourcesBuildPhase;
			buildActionMask = 2147483647;
			files = (
			);
			runOnlyForDeploymentPostprocessing = 0;
		};
		E19B6D94303B27B800D633B8 /* Resources */ = {
			isa = PBXResourcesBuildPhase;
			buildActionMask = 2147483647;
			files = (
			);
			runOnlyForDeploymentPostprocessing = 0;
		};
/* End PBXResourcesBuildPhase section */

/* Begin PBXSourcesBuildPhase section */
		E19B6B8330265AD100D633B8 /* Sources */ = {
			isa = PBXSourcesBuildPhase;
			buildActionMask = 2147483647;
			files = (
			);
			runOnlyForDeploymentPostprocessing = 0;
		};
		E19B6B9230265AD300D633B8 /* Sources */ = {
			isa = PBXSourcesBuildPhase;
			buildActionMask = 2147483647;
			files = (
			);
			runOnlyForDeploymentPostprocessing = 0;
		};
		E19B6B9C30265AD300D633B8 /* Sources */ = {
			isa = PBXSourcesBuildPhase;
			buildActionMask = 2147483647;
			files = (
			);
			runOnlyForDeploymentPostprocessing = 0;
		};
		E19B6D7C303B27B400D633B8 /* Sources */ = {
			isa = PBXSourcesBuildPhase;
			buildActionMask = 2147483647;
			files = (
			);
			runOnlyForDeploymentPostprocessing = 0;
		};
		E19B6D88303B27B800D633B8 /* Sources */ = {
			isa = PBXSourcesBuildPhase;
			buildActionMask = 2147483647;
			files = (
			);
			runOnlyForDeploymentPostprocessing = 0;
		};
		E19B6D92303B27B800D633B8 /* Sources */ = {
			isa = PBXSourcesBuildPhase;
			buildActionMask = 2147483647;
			files = (
			);
			runOnlyForDeploymentPostprocessing = 0;
		};
/* End PBXSourcesBuildPhase section */

/* Begin PBXTargetDependency section */
		E19B6B9830265AD300D633B8 /* PBXTargetDependency */ = {
			isa = PBXTargetDependency;
			target = E19B6B8630265AD100D633B8 /* Forge */;
			targetProxy = E19B6B9730265AD300D633B8 /* PBXContainerItemProxy */;
		};
		E19B6BA230265AD300D633B8 /* PBXTargetDependency */ = {
			isa = PBXTargetDependency;
			target = E19B6B8630265AD100D633B8 /* Forge */;
			targetProxy = E19B6BA130265AD300D633B8 /* PBXContainerItemProxy */;
		};
		E19B6D8E303B27B800D633B8 /* PBXTargetDependency */ = {
			isa = PBXTargetDependency;
			target = E19B6D7F303B27B400D633B8 /* ForgeWatch Watch App */;
			targetProxy = E19B6D8D303B27B800D633B8 /* PBXContainerItemProxy */;
		};
		E19B6D98303B27B800D633B8 /* PBXTargetDependency */ = {
			isa = PBXTargetDependency;
			target = E19B6D7F303B27B400D633B8 /* ForgeWatch Watch App */;
			targetProxy = E19B6D97303B27B800D633B8 /* PBXContainerItemProxy */;
		};
		E19B6D9F303B27B800D633B8 /* PBXTargetDependency */ = {
			isa = PBXTargetDependency;
			target = E19B6D7F303B27B400D633B8 /* ForgeWatch Watch App */;
			targetProxy = E19B6D9E303B27B800D633B8 /* PBXContainerItemProxy */;
		};
/* End PBXTargetDependency section */

/* Begin XCBuildConfiguration section */
		E19B6BA830265AD300D633B8 /* Debug */ = {
			isa = XCBuildConfiguration;
			buildSettings = {
				ALWAYS_SEARCH_USER_PATHS = NO;
				ASSETCATALOG_COMPILER_GENERATE_SWIFT_ASSET_SYMBOL_EXTENSIONS = YES;
				CLANG_ANALYZER_NONNULL = YES;
				CLANG_ANALYZER_NUMBER_OBJECT_CONVERSION = YES_AGGRESSIVE;
				CLANG_CXX_LANGUAGE_STANDARD = "gnu++20";
				CLANG_ENABLE_MODULES = YES;
				CLANG_ENABLE_OBJC_ARC = YES;
				CLANG_ENABLE_OBJC_WEAK = YES;
				CLANG_WARN_BLOCK_CAPTURE_AUTORELEASING = YES;
				CLANG_WARN_BOOL_CONVERSION = YES;
				CLANG_WARN_COMMA = YES;
				CLANG_WARN_CONSTANT_CONVERSION = YES;
				CLANG_WARN_DEPRECATED_OBJC_IMPLEMENTATIONS = YES;
				CLANG_WARN_DIRECT_OBJC_ISA_USAGE = YES_ERROR;
				CLANG_WARN_DOCUMENTATION_COMMENTS = YES;
				CLANG_WARN_EMPTY_BODY = YES;
				CLANG_WARN_ENUM_CONVERSION = YES;
				CLANG_WARN_INFINITE_RECURSION = YES;
				CLANG_WARN_INT_CONVERSION = YES;
				CLANG_WARN_NON_LITERAL_NULL_CONVERSION = YES;
				CLANG_WARN_OBJC_IMPLICIT_RETAIN_SELF = YES;
				CLANG_WARN_OBJC_LITERAL_CONVERSION = YES;
				CLANG_WARN_OBJC_ROOT_CLASS = YES_ERROR;
				CLANG_WARN_QUOTED_INCLUDE_IN_FRAMEWORK_HEADER = YES;
				CLANG_WARN_RANGE_LOOP_ANALYSIS = YES;
				CLANG_WARN_STRICT_PROTOTYPES = YES;
				CLANG_WARN_SUSPICIOUS_MOVE = YES;
				CLANG_WARN_UNGUARDED_AVAILABILITY = YES_AGGRESSIVE;
				CLANG_WARN_UNREACHABLE_CODE = YES;
				CLANG_WARN__DUPLICATE_METHOD_MATCH = YES;
				COPY_PHASE_STRIP = NO;
				DEBUG_INFORMATION_FORMAT = dwarf;
				DEVELOPMENT_TEAM = PW6Y6KMNDK;
				ENABLE_STRICT_OBJC_MSGSEND = YES;
				ENABLE_TESTABILITY = YES;
				ENABLE_USER_SCRIPT_SANDBOXING = YES;
				GCC_C_LANGUAGE_STANDARD = gnu17;
				GCC_DYNAMIC_NO_PIC = NO;
				GCC_NO_COMMON_BLOCKS = YES;
				GCC_OPTIMIZATION_LEVEL = 0;
				GCC_PREPROCESSOR_DEFINITIONS = (
					"DEBUG=1",
					"$(inherited)",
				);
				GCC_WARN_64_TO_32_BIT_CONVERSION = YES;
				GCC_WARN_ABOUT_RETURN_TYPE = YES_ERROR;
				GCC_WARN_UNDECLARED_SELECTOR = YES;
				GCC_WARN_UNINITIALIZED_AUTOS = YES_AGGRESSIVE;
				GCC_WARN_UNUSED_FUNCTION = YES;
				GCC_WARN_UNUSED_VARIABLE = YES;
				IPHONEOS_DEPLOYMENT_TARGET = 26.5;
				LOCALIZATION_PREFERS_STRING_CATALOGS = YES;
				MTL_ENABLE_DEBUG_INFO = INCLUDE_SOURCE;
				MTL_FAST_MATH = YES;
				ONLY_ACTIVE_ARCH = YES;
				SDKROOT = iphoneos;
				SWIFT_ACTIVE_COMPILATION_CONDITIONS = "DEBUG $(inherited)";
				SWIFT_OPTIMIZATION_LEVEL = "-Onone";
			};
			name = Debug;
		};
		E19B6BA930265AD300D633B8 /* Release */ = {
			isa = XCBuildConfiguration;
			buildSettings = {
				ALWAYS_SEARCH_USER_PATHS = NO;
				ASSETCATALOG_COMPILER_GENERATE_SWIFT_ASSET_SYMBOL_EXTENSIONS = YES;
				CLANG_ANALYZER_NONNULL = YES;
				CLANG_ANALYZER_NUMBER_OBJECT_CONVERSION = YES_AGGRESSIVE;
				CLANG_CXX_LANGUAGE_STANDARD = "gnu++20";
				CLANG_ENABLE_MODULES = YES;
				CLANG_ENABLE_OBJC_ARC = YES;
				CLANG_ENABLE_OBJC_WEAK = YES;
				CLANG_WARN_BLOCK_CAPTURE_AUTORELEASING = YES;
				CLANG_WARN_BOOL_CONVERSION = YES;
				CLANG_WARN_COMMA = YES;
				CLANG_WARN_CONSTANT_CONVERSION = YES;
				CLANG_WARN_DEPRECATED_OBJC_IMPLEMENTATIONS = YES;
				CLANG_WARN_DIRECT_OBJC_ISA_USAGE = YES_ERROR;
				CLANG_WARN_DOCUMENTATION_COMMENTS = YES;
				CLANG_WARN_EMPTY_BODY = YES;
				CLANG_WARN_ENUM_CONVERSION = YES;
				CLANG_WARN_INFINITE_RECURSION = YES;
				CLANG_WARN_INT_CONVERSION = YES;
				CLANG_WARN_NON_LITERAL_NULL_CONVERSION = YES;
				CLANG_WARN_OBJC_IMPLICIT_RETAIN_SELF = YES;
				CLANG_WARN_OBJC_LITERAL_CONVERSION = YES;
				CLANG_WARN_OBJC_ROOT_CLASS = YES_ERROR;
				CLANG_WARN_QUOTED_INCLUDE_IN_FRAMEWORK_HEADER = YES;
				CLANG_WARN_RANGE_LOOP_ANALYSIS = YES;
				CLANG_WARN_STRICT_PROTOTYPES = YES;
				CLANG_WARN_SUSPICIOUS_MOVE = YES;
				CLANG_WARN_UNGUARDED_AVAILABILITY = YES_AGGRESSIVE;
				CLANG_WARN_UNREACHABLE_CODE = YES;
				CLANG_WARN__DUPLICATE_METHOD_MATCH = YES;
				COPY_PHASE_STRIP = NO;
				DEBUG_INFORMATION_FORMAT = "dwarf-with-dsym";
				DEVELOPMENT_TEAM = PW6Y6KMNDK;
				ENABLE_NS_ASSERTIONS = NO;
				ENABLE_STRICT_OBJC_MSGSEND = YES;
				ENABLE_USER_SCRIPT_SANDBOXING = YES;
				GCC_C_LANGUAGE_STANDARD = gnu17;
				GCC_NO_COMMON_BLOCKS = YES;
				GCC_WARN_64_TO_32_BIT_CONVERSION = YES;
				GCC_WARN_ABOUT_RETURN_TYPE = YES_ERROR;
				GCC_WARN_UNDECLARED_SELECTOR = YES;
				GCC_WARN_UNINITIALIZED_AUTOS = YES_AGGRESSIVE;
				GCC_WARN_UNUSED_FUNCTION = YES;
				GCC_WARN_UNUSED_VARIABLE = YES;
				IPHONEOS_DEPLOYMENT_TARGET = 26.5;
				LOCALIZATION_PREFERS_STRING_CATALOGS = YES;
				MTL_ENABLE_DEBUG_INFO = NO;
				MTL_FAST_MATH = YES;
				SDKROOT = iphoneos;
				SWIFT_COMPILATION_MODE = wholemodule;
				VALIDATE_PRODUCT = YES;
			};
			name = Release;
		};
		E19B6BAB30265AD300D633B8 /* Debug */ = {
			isa = XCBuildConfiguration;
			buildSettings = {
				ASSETCATALOG_COMPILER_APPICON_NAME = AppIcon;
				ASSETCATALOG_COMPILER_GLOBAL_ACCENT_COLOR_NAME = AccentColor;
				CODE_SIGN_ENTITLEMENTS = Forge/Forge.entitlements;
				CODE_SIGN_STYLE = Automatic;
				CURRENT_PROJECT_VERSION = 1;
				DEVELOPMENT_TEAM = PW6Y6KMNDK;
				ENABLE_PREVIEWS = YES;
				GENERATE_INFOPLIST_FILE = YES;
				INFOPLIST_KEY_NSHealthShareUsageDescription = "Sync your body weight with Apple Health";
				INFOPLIST_KEY_NSHealthUpdateUsageDescription = "Save your weigh-ins to Apple Health";
				INFOPLIST_KEY_UIApplicationSceneManifest_Generation = YES;
				INFOPLIST_KEY_UIApplicationSupportsIndirectInputEvents = YES;
				INFOPLIST_KEY_UILaunchScreen_Generation = YES;
				INFOPLIST_KEY_UISupportedInterfaceOrientations_iPad = "UIInterfaceOrientationPortrait UIInterfaceOrientationPortraitUpsideDown UIInterfaceOrientationLandscapeLeft UIInterfaceOrientationLandscapeRight";
				INFOPLIST_KEY_UISupportedInterfaceOrientations_iPhone = "UIInterfaceOrientationPortrait UIInterfaceOrientationLandscapeLeft UIInterfaceOrientationLandscapeRight";
				IPHONEOS_DEPLOYMENT_TARGET = 18.6;
				LD_RUNPATH_SEARCH_PATHS = (
					"$(inherited)",
					"@executable_path/Frameworks",
				);
				MARKETING_VERSION = 1.0;
				PRODUCT_BUNDLE_IDENTIFIER = com.github.rmhsplett.forge;
				PRODUCT_NAME = "$(TARGET_NAME)";
				STRING_CATALOG_GENERATE_SYMBOLS = YES;
				SUPPORTED_PLATFORMS = "iphoneos iphonesimulator";
				SUPPORTS_MACCATALYST = NO;
				SUPPORTS_MAC_DESIGNED_FOR_IPHONE_IPAD = NO;
				SUPPORTS_XR_DESIGNED_FOR_IPHONE_IPAD = NO;
				SWIFT_APPROACHABLE_CONCURRENCY = YES;
				SWIFT_DEFAULT_ACTOR_ISOLATION = MainActor;
				SWIFT_EMIT_LOC_STRINGS = YES;
				SWIFT_UPCOMING_FEATURE_MEMBER_IMPORT_VISIBILITY = YES;
				SWIFT_VERSION = 5.0;
				TARGETED_DEVICE_FAMILY = 1;
			};
			name = Debug;
		};
		E19B6BAC30265AD300D633B8 /* Release */ = {
			isa = XCBuildConfiguration;
			buildSettings = {
				ASSETCATALOG_COMPILER_APPICON_NAME = AppIcon;
				ASSETCATALOG_COMPILER_GLOBAL_ACCENT_COLOR_NAME = AccentColor;
				CODE_SIGN_ENTITLEMENTS = Forge/Forge.entitlements;
				CODE_SIGN_STYLE = Automatic;
				CURRENT_PROJECT_VERSION = 1;
				DEVELOPMENT_TEAM = PW6Y6KMNDK;
				ENABLE_PREVIEWS = YES;
				GENERATE_INFOPLIST_FILE = YES;
				INFOPLIST_KEY_NSHealthShareUsageDescription = "Sync your body weight with Apple Health";
				INFOPLIST_KEY_NSHealthUpdateUsageDescription = "Save your weigh-ins to Apple Health";
				INFOPLIST_KEY_UIApplicationSceneManifest_Generation = YES;
				INFOPLIST_KEY_UIApplicationSupportsIndirectInputEvents = YES;
				INFOPLIST_KEY_UILaunchScreen_Generation = YES;
				INFOPLIST_KEY_UISupportedInterfaceOrientations_iPad = "UIInterfaceOrientationPortrait UIInterfaceOrientationPortraitUpsideDown UIInterfaceOrientationLandscapeLeft UIInterfaceOrientationLandscapeRight";
				INFOPLIST_KEY_UISupportedInterfaceOrientations_iPhone = "UIInterfaceOrientationPortrait UIInterfaceOrientationLandscapeLeft UIInterfaceOrientationLandscapeRight";
				IPHONEOS_DEPLOYMENT_TARGET = 18.6;
				LD_RUNPATH_SEARCH_PATHS = (
					"$(inherited)",
					"@executable_path/Frameworks",
				);
				MARKETING_VERSION = 1.0;
				PRODUCT_BUNDLE_IDENTIFIER = com.github.rmhsplett.forge;
				PRODUCT_NAME = "$(TARGET_NAME)";
				STRING_CATALOG_GENERATE_SYMBOLS = YES;
				SUPPORTED_PLATFORMS = "iphoneos iphonesimulator";
				SUPPORTS_MACCATALYST = NO;
				SUPPORTS_MAC_DESIGNED_FOR_IPHONE_IPAD = NO;
				SUPPORTS_XR_DESIGNED_FOR_IPHONE_IPAD = NO;
				SWIFT_APPROACHABLE_CONCURRENCY = YES;
				SWIFT_DEFAULT_ACTOR_ISOLATION = MainActor;
				SWIFT_EMIT_LOC_STRINGS = YES;
				SWIFT_UPCOMING_FEATURE_MEMBER_IMPORT_VISIBILITY = YES;
				SWIFT_VERSION = 5.0;
				TARGETED_DEVICE_FAMILY = 1;
			};
			name = Release;
		};
		E19B6BAE30265AD300D633B8 /* Debug */ = {
			isa = XCBuildConfiguration;
			buildSettings = {
				BUNDLE_LOADER = "$(TEST_HOST)";
				CODE_SIGN_STYLE = Automatic;
				CURRENT_PROJECT_VERSION = 1;
				DEVELOPMENT_TEAM = PW6Y6KMNDK;
				GENERATE_INFOPLIST_FILE = YES;
				IPHONEOS_DEPLOYMENT_TARGET = 18.6;
				MARKETING_VERSION = 1.0;
				PRODUCT_BUNDLE_IDENTIFIER = com.github.rmhsplett.forge.ForgeTests;
				PRODUCT_NAME = "$(TARGET_NAME)";
				STRING_CATALOG_GENERATE_SYMBOLS = NO;
				SWIFT_APPROACHABLE_CONCURRENCY = YES;
				SWIFT_EMIT_LOC_STRINGS = NO;
				SWIFT_UPCOMING_FEATURE_MEMBER_IMPORT_VISIBILITY = YES;
				SWIFT_VERSION = 5.0;
				TARGETED_DEVICE_FAMILY = "1,2";
				TEST_HOST = "$(BUILT_PRODUCTS_DIR)/Forge.app/$(BUNDLE_EXECUTABLE_FOLDER_PATH)/Forge";
			};
			name = Debug;
		};
		E19B6BAF30265AD300D633B8 /* Release */ = {
			isa = XCBuildConfiguration;
			buildSettings = {
				BUNDLE_LOADER = "$(TEST_HOST)";
				CODE_SIGN_STYLE = Automatic;
				CURRENT_PROJECT_VERSION = 1;
				DEVELOPMENT_TEAM = PW6Y6KMNDK;
				GENERATE_INFOPLIST_FILE = YES;
				IPHONEOS_DEPLOYMENT_TARGET = 18.6;
				MARKETING_VERSION = 1.0;
				PRODUCT_BUNDLE_IDENTIFIER = com.github.rmhsplett.forge.ForgeTests;
				PRODUCT_NAME = "$(TARGET_NAME)";
				STRING_CATALOG_GENERATE_SYMBOLS = NO;
				SWIFT_APPROACHABLE_CONCURRENCY = YES;
				SWIFT_EMIT_LOC_STRINGS = NO;
				SWIFT_UPCOMING_FEATURE_MEMBER_IMPORT_VISIBILITY = YES;
				SWIFT_VERSION = 5.0;
				TARGETED_DEVICE_FAMILY = "1,2";
				TEST_HOST = "$(BUILT_PRODUCTS_DIR)/Forge.app/$(BUNDLE_EXECUTABLE_FOLDER_PATH)/Forge";
			};
			name = Release;
		};
		E19B6BB130265AD300D633B8 /* Debug */ = {
			isa = XCBuildConfiguration;
			buildSettings = {
				CODE_SIGN_STYLE = Automatic;
				CURRENT_PROJECT_VERSION = 1;
				DEVELOPMENT_TEAM = PW6Y6KMNDK;
				GENERATE_INFOPLIST_FILE = YES;
				IPHONEOS_DEPLOYMENT_TARGET = 18.6;
				MARKETING_VERSION = 1.0;
				PRODUCT_BUNDLE_IDENTIFIER = com.github.rmhsplett.forge.ForgeUITests;
				PRODUCT_NAME = "$(TARGET_NAME)";
				STRING_CATALOG_GENERATE_SYMBOLS = NO;
				SWIFT_APPROACHABLE_CONCURRENCY = YES;
				SWIFT_EMIT_LOC_STRINGS = NO;
				SWIFT_UPCOMING_FEATURE_MEMBER_IMPORT_VISIBILITY = YES;
				SWIFT_VERSION = 5.0;
				TARGETED_DEVICE_FAMILY = "1,2";
				TEST_TARGET_NAME = Forge;
			};
			name = Debug;
		};
		E19B6BB230265AD300D633B8 /* Release */ = {
			isa = XCBuildConfiguration;
			buildSettings = {
				CODE_SIGN_STYLE = Automatic;
				CURRENT_PROJECT_VERSION = 1;
				DEVELOPMENT_TEAM = PW6Y6KMNDK;
				GENERATE_INFOPLIST_FILE = YES;
				IPHONEOS_DEPLOYMENT_TARGET = 18.6;
				MARKETING_VERSION = 1.0;
				PRODUCT_BUNDLE_IDENTIFIER = com.github.rmhsplett.forge.ForgeUITests;
				PRODUCT_NAME = "$(TARGET_NAME)";
				STRING_CATALOG_GENERATE_SYMBOLS = NO;
				SWIFT_APPROACHABLE_CONCURRENCY = YES;
				SWIFT_EMIT_LOC_STRINGS = NO;
				SWIFT_UPCOMING_FEATURE_MEMBER_IMPORT_VISIBILITY = YES;
				SWIFT_VERSION = 5.0;
				TARGETED_DEVICE_FAMILY = "1,2";
				TEST_TARGET_NAME = Forge;
			};
			name = Release;
		};
		E19B6DA2303B27B800D633B8 /* Debug */ = {
			isa = XCBuildConfiguration;
			buildSettings = {
				ASSETCATALOG_COMPILER_APPICON_NAME = AppIcon;
				ASSETCATALOG_COMPILER_GLOBAL_ACCENT_COLOR_NAME = AccentColor;
				CODE_SIGN_ENTITLEMENTS = "ForgeWatch Watch App/ForgeWatch Watch App.entitlements";
				CODE_SIGN_STYLE = Automatic;
				CURRENT_PROJECT_VERSION = 1;
				DEVELOPMENT_TEAM = PW6Y6KMNDK;
				ENABLE_PREVIEWS = YES;
				GENERATE_INFOPLIST_FILE = YES;
				INFOPLIST_FILE = "ForgeWatch-Watch-App-Info.plist";
				INFOPLIST_KEY_CFBundleDisplayName = ForgeWatch;
				INFOPLIST_KEY_NSHealthShareUsageDescription = "Read your heart rate during workouts.";
				INFOPLIST_KEY_NSHealthUpdateUsageDescription = "Save your workout to Apple Health.";
				INFOPLIST_KEY_UISupportedInterfaceOrientations = "UIInterfaceOrientationPortrait UIInterfaceOrientationPortraitUpsideDown";
				INFOPLIST_KEY_WKCompanionAppBundleIdentifier = com.github.rmhsplett.forge;
				LD_RUNPATH_SEARCH_PATHS = (
					"$(inherited)",
					"@executable_path/Frameworks",
				);
				MARKETING_VERSION = 1.0;
				PRODUCT_BUNDLE_IDENTIFIER = com.github.rmhsplett.forge.watchkitapp;
				PRODUCT_NAME = "$(TARGET_NAME)";
				SDKROOT = watchos;
				SKIP_INSTALL = YES;
				STRING_CATALOG_GENERATE_SYMBOLS = YES;
				SWIFT_APPROACHABLE_CONCURRENCY = YES;
				SWIFT_DEFAULT_ACTOR_ISOLATION = MainActor;
				SWIFT_EMIT_LOC_STRINGS = YES;
				SWIFT_UPCOMING_FEATURE_MEMBER_IMPORT_VISIBILITY = YES;
				SWIFT_VERSION = 5.0;
				TARGETED_DEVICE_FAMILY = 4;
				WATCHOS_DEPLOYMENT_TARGET = 26.5;
			};
			name = Debug;
		};
		E19B6DA3303B27B800D633B8 /* Release */ = {
			isa = XCBuildConfiguration;
			buildSettings = {
				ASSETCATALOG_COMPILER_APPICON_NAME = AppIcon;
				ASSETCATALOG_COMPILER_GLOBAL_ACCENT_COLOR_NAME = AccentColor;
				CODE_SIGN_ENTITLEMENTS = "ForgeWatch Watch App/ForgeWatch Watch App.entitlements";
				CODE_SIGN_STYLE = Automatic;
				CURRENT_PROJECT_VERSION = 1;
				DEVELOPMENT_TEAM = PW6Y6KMNDK;
				ENABLE_PREVIEWS = YES;
				GENERATE_INFOPLIST_FILE = YES;
				INFOPLIST_FILE = "ForgeWatch-Watch-App-Info.plist";
				INFOPLIST_KEY_CFBundleDisplayName = ForgeWatch;
				INFOPLIST_KEY_NSHealthShareUsageDescription = "Read your heart rate during workouts.";
				INFOPLIST_KEY_NSHealthUpdateUsageDescription = "Save your workout to Apple Health.";
				INFOPLIST_KEY_UISupportedInterfaceOrientations = "UIInterfaceOrientationPortrait UIInterfaceOrientationPortraitUpsideDown";
				INFOPLIST_KEY_WKCompanionAppBundleIdentifier = com.github.rmhsplett.forge;
				LD_RUNPATH_SEARCH_PATHS = (
					"$(inherited)",
					"@executable_path/Frameworks",
				);
				MARKETING_VERSION = 1.0;
				PRODUCT_BUNDLE_IDENTIFIER = com.github.rmhsplett.forge.watchkitapp;
				PRODUCT_NAME = "$(TARGET_NAME)";
				SDKROOT = watchos;
				SKIP_INSTALL = YES;
				STRING_CATALOG_GENERATE_SYMBOLS = YES;
				SWIFT_APPROACHABLE_CONCURRENCY = YES;
				SWIFT_DEFAULT_ACTOR_ISOLATION = MainActor;
				SWIFT_EMIT_LOC_STRINGS = YES;
				SWIFT_UPCOMING_FEATURE_MEMBER_IMPORT_VISIBILITY = YES;
				SWIFT_VERSION = 5.0;
				TARGETED_DEVICE_FAMILY = 4;
				WATCHOS_DEPLOYMENT_TARGET = 26.5;
			};
			name = Release;
		};
		E19B6DA4303B27B800D633B8 /* Debug */ = {
			isa = XCBuildConfiguration;
			buildSettings = {
				BUNDLE_LOADER = "$(TEST_HOST)";
				CODE_SIGN_STYLE = Automatic;
				CURRENT_PROJECT_VERSION = 1;
				DEVELOPMENT_TEAM = PW6Y6KMNDK;
				GENERATE_INFOPLIST_FILE = YES;
				MARKETING_VERSION = 1.0;
				PRODUCT_BUNDLE_IDENTIFIER = "com.github.rmhsplett.forge.ForgeWatch-Watch-AppTests";
				PRODUCT_NAME = "$(TARGET_NAME)";
				SDKROOT = watchos;
				STRING_CATALOG_GENERATE_SYMBOLS = NO;
				SWIFT_APPROACHABLE_CONCURRENCY = YES;
				SWIFT_EMIT_LOC_STRINGS = NO;
				SWIFT_UPCOMING_FEATURE_MEMBER_IMPORT_VISIBILITY = YES;
				SWIFT_VERSION = 5.0;
				TARGETED_DEVICE_FAMILY = 4;
				TEST_HOST = "$(BUILT_PRODUCTS_DIR)/ForgeWatch Watch App.app/$(BUNDLE_EXECUTABLE_FOLDER_PATH)/ForgeWatch Watch App";
				WATCHOS_DEPLOYMENT_TARGET = 26.5;
			};
			name = Debug;
		};
		E19B6DA5303B27B800D633B8 /* Release */ = {
			isa = XCBuildConfiguration;
			buildSettings = {
				BUNDLE_LOADER = "$(TEST_HOST)";
				CODE_SIGN_STYLE = Automatic;
				CURRENT_PROJECT_VERSION = 1;
				DEVELOPMENT_TEAM = PW6Y6KMNDK;
				GENERATE_INFOPLIST_FILE = YES;
				MARKETING_VERSION = 1.0;
				PRODUCT_BUNDLE_IDENTIFIER = "com.github.rmhsplett.forge.ForgeWatch-Watch-AppTests";
				PRODUCT_NAME = "$(TARGET_NAME)";
				SDKROOT = watchos;
				STRING_CATALOG_GENERATE_SYMBOLS = NO;
				SWIFT_APPROACHABLE_CONCURRENCY = YES;
				SWIFT_EMIT_LOC_STRINGS = NO;
				SWIFT_UPCOMING_FEATURE_MEMBER_IMPORT_VISIBILITY = YES;
				SWIFT_VERSION = 5.0;
				TARGETED_DEVICE_FAMILY = 4;
				TEST_HOST = "$(BUILT_PRODUCTS_DIR)/ForgeWatch Watch App.app/$(BUNDLE_EXECUTABLE_FOLDER_PATH)/ForgeWatch Watch App";
				WATCHOS_DEPLOYMENT_TARGET = 26.5;
			};
			name = Release;
		};
		E19B6DA6303B27B800D633B8 /* Debug */ = {
			isa = XCBuildConfiguration;
			buildSettings = {
				CODE_SIGN_STYLE = Automatic;
				CURRENT_PROJECT_VERSION = 1;
				DEVELOPMENT_TEAM = PW6Y6KMNDK;
				GENERATE_INFOPLIST_FILE = YES;
				MARKETING_VERSION = 1.0;
				PRODUCT_BUNDLE_IDENTIFIER = "com.github.rmhsplett.forge.ForgeWatch-Watch-AppUITests";
				PRODUCT_NAME = "$(TARGET_NAME)";
				SDKROOT = watchos;
				STRING_CATALOG_GENERATE_SYMBOLS = NO;
				SWIFT_APPROACHABLE_CONCURRENCY = YES;
				SWIFT_EMIT_LOC_STRINGS = NO;
				SWIFT_UPCOMING_FEATURE_MEMBER_IMPORT_VISIBILITY = YES;
				SWIFT_VERSION = 5.0;
				TARGETED_DEVICE_FAMILY = 4;
				TEST_TARGET_NAME = "ForgeWatch Watch App";
				WATCHOS_DEPLOYMENT_TARGET = 26.5;
			};
			name = Debug;
		};
		E19B6DA7303B27B800D633B8 /* Release */ = {
			isa = XCBuildConfiguration;
			buildSettings = {
				CODE_SIGN_STYLE = Automatic;
				CURRENT_PROJECT_VERSION = 1;
				DEVELOPMENT_TEAM = PW6Y6KMNDK;
				GENERATE_INFOPLIST_FILE = YES;
				MARKETING_VERSION = 1.0;
				PRODUCT_BUNDLE_IDENTIFIER = "com.github.rmhsplett.forge.ForgeWatch-Watch-AppUITests";
				PRODUCT_NAME = "$(TARGET_NAME)";
				SDKROOT = watchos;
				STRING_CATALOG_GENERATE_SYMBOLS = NO;
				SWIFT_APPROACHABLE_CONCURRENCY = YES;
				SWIFT_EMIT_LOC_STRINGS = NO;
				SWIFT_UPCOMING_FEATURE_MEMBER_IMPORT_VISIBILITY = YES;
				SWIFT_VERSION = 5.0;
				TARGETED_DEVICE_FAMILY = 4;
				TEST_TARGET_NAME = "ForgeWatch Watch App";
				WATCHOS_DEPLOYMENT_TARGET = 26.5;
			};
			name = Release;
		};
/* End XCBuildConfiguration section */

/* Begin XCConfigurationList section */
		E19B6B8230265AD100D633B8 /* Build configuration list for PBXProject "Forge" */ = {
			isa = XCConfigurationList;
			buildConfigurations = (
				E19B6BA830265AD300D633B8 /* Debug */,
				E19B6BA930265AD300D633B8 /* Release */,
			);
			defaultConfigurationIsVisible = 0;
			defaultConfigurationName = Release;
		};
		E19B6BAA30265AD300D633B8 /* Build configuration list for PBXNativeTarget "Forge" */ = {
			isa = XCConfigurationList;
			buildConfigurations = (
				E19B6BAB30265AD300D633B8 /* Debug */,
				E19B6BAC30265AD300D633B8 /* Release */,
			);
			defaultConfigurationIsVisible = 0;
			defaultConfigurationName = Release;
		};
		E19B6BAD30265AD300D633B8 /* Build configuration list for PBXNativeTarget "ForgeTests" */ = {
			isa = XCConfigurationList;
			buildConfigurations = (
				E19B6BAE30265AD300D633B8 /* Debug */,
				E19B6BAF30265AD300D633B8 /* Release */,
			);
			defaultConfigurationIsVisible = 0;
			defaultConfigurationName = Release;
		};
		E19B6BB030265AD300D633B8 /* Build configuration list for PBXNativeTarget "ForgeUITests" */ = {
			isa = XCConfigurationList;
			buildConfigurations = (
				E19B6BB130265AD300D633B8 /* Debug */,
				E19B6BB230265AD300D633B8 /* Release */,
			);
			defaultConfigurationIsVisible = 0;
			defaultConfigurationName = Release;
		};
		E19B6DA8303B27B800D633B8 /* Build configuration list for PBXNativeTarget "ForgeWatch Watch App" */ = {
			isa = XCConfigurationList;
			buildConfigurations = (
				E19B6DA2303B27B800D633B8 /* Debug */,
				E19B6DA3303B27B800D633B8 /* Release */,
			);
			defaultConfigurationIsVisible = 0;
			defaultConfigurationName = Release;
		};
		E19B6DA9303B27B800D633B8 /* Build configuration list for PBXNativeTarget "ForgeWatch Watch AppTests" */ = {
			isa = XCConfigurationList;
			buildConfigurations = (
				E19B6DA4303B27B800D633B8 /* Debug */,
				E19B6DA5303B27B800D633B8 /* Release */,
			);
			defaultConfigurationIsVisible = 0;
			defaultConfigurationName = Release;
		};
		E19B6DAA303B27B800D633B8 /* Build configuration list for PBXNativeTarget "ForgeWatch Watch AppUITests" */ = {
			isa = XCConfigurationList;
			buildConfigurations = (
				E19B6DA6303B27B800D633B8 /* Debug */,
				E19B6DA7303B27B800D633B8 /* Release */,
			);
			defaultConfigurationIsVisible = 0;
			defaultConfigurationName = Release;
		};
/* End XCConfigurationList section */
	};
	rootObject = E19B6B7F30265AD100D633B8 /* Project object */;
}
